{
  "version": 4,
  "terraform_version": "0.12.3",
  "serial": 818,
  "lineage": "d143d5a0-8ab5-c263-6d10-e6ead7b394cf",
  "outputs": {},
  "resources": [
    {
      "mode": "managed",
      "type": "azurerm_network_interface",
      "name": "jenkinshostnic",
      "provider": "provider.azurerm",
      "instances": [
        {
          "schema_version": 0,
          "attributes": {
            "applied_dns_servers": [],
            "dns_servers": [],
            "enable_accelerated_networking": false,
            "enable_ip_forwarding": false,
            "id": "/subscriptions/c793619e-4ef0-429f-b7bd-37ab072d9418/resourceGroups/myResourceGroup/providers/Microsoft.Network/networkInterfaces/jenkinsHostNIC",
            "internal_dns_name_label": "",
            "internal_fqdn": "",
            "ip_configuration": [
              {
                "application_gateway_backend_address_pools_ids": [],
                "application_security_group_ids": [],
                "load_balancer_backend_address_pools_ids": [],
                "load_balancer_inbound_nat_rules_ids": [],
                "name": "jenkinsHostNicConfiguration",
                "primary": true,
                "private_ip_address": "",
                "private_ip_address_allocation": "dynamic",
                "private_ip_address_version": "IPv4",
                "public_ip_address_id": "/subscriptions/c793619e-4ef0-429f-b7bd-37ab072d9418/resourceGroups/myResourceGroup/providers/Microsoft.Network/publicIPAddresses/jenkinsHostPublicIP",
                "subnet_id": "/subscriptions/c793619e-4ef0-429f-b7bd-37ab072d9418/resourceGroups/myResourceGroup/providers/Microsoft.Network/virtualNetworks/myVnet/subnets/mySubnet"
              }
            ],
            "location": "uksouth",
            "mac_address": "00-0D-3A-7E-B9-FC",
            "name": "jenkinsHostNIC",
            "network_security_group_id": "/subscriptions/c793619e-4ef0-429f-b7bd-37ab072d9418/resourceGroups/myResourceGroup/providers/Microsoft.Network/networkSecurityGroups/jenkinsHostNetworkSecurityGroup",
            "private_ip_address": "10.0.1.6",
            "private_ip_addresses": [
              "10.0.1.6"
            ],
            "resource_group_name": "myResourceGroup",
            "tags": {
              "environment": "Terraform Demo"
            },
            "virtual_machine_id": "/subscriptions/c793619e-4ef0-429f-b7bd-37ab072d9418/resourceGroups/myResourceGroup/providers/Microsoft.Compute/virtualMachines/jenkinsHostVM"
          }
        }
      ]
    },
    {
      "mode": "managed",
      "type": "azurerm_network_interface",
      "name": "jenkinsslavenic",
      "provider": "provider.azurerm",
      "instances": [
        {
          "schema_version": 0,
          "attributes": {
            "applied_dns_servers": [],
            "dns_servers": [],
            "enable_accelerated_networking": false,
            "enable_ip_forwarding": false,
            "id": "/subscriptions/c793619e-4ef0-429f-b7bd-37ab072d9418/resourceGroups/myResourceGroup/providers/Microsoft.Network/networkInterfaces/jenkinsSlaveNIC",
            "internal_dns_name_label": "",
            "internal_fqdn": "",
            "ip_configuration": [
              {
                "application_gateway_backend_address_pools_ids": [],
                "application_security_group_ids": [],
                "load_balancer_backend_address_pools_ids": [],
                "load_balancer_inbound_nat_rules_ids": [],
                "name": "jenkinsSlaveNicConfiguration",
                "primary": true,
                "private_ip_address": "",
                "private_ip_address_allocation": "dynamic",
                "private_ip_address_version": "IPv4",
                "public_ip_address_id": "/subscriptions/c793619e-4ef0-429f-b7bd-37ab072d9418/resourceGroups/myResourceGroup/providers/Microsoft.Network/publicIPAddresses/jenkinsSlavePublicIP",
                "subnet_id": "/subscriptions/c793619e-4ef0-429f-b7bd-37ab072d9418/resourceGroups/myResourceGroup/providers/Microsoft.Network/virtualNetworks/myVnet/subnets/mySubnet"
              }
            ],
            "location": "uksouth",
            "mac_address": "00-22-48-01-41-9B",
            "name": "jenkinsSlaveNIC",
            "network_security_group_id": "/subscriptions/c793619e-4ef0-429f-b7bd-37ab072d9418/resourceGroups/myResourceGroup/providers/Microsoft.Network/networkSecurityGroups/jenkinsSlaveNetworkSecurityGroup",
            "private_ip_address": "10.0.1.4",
            "private_ip_addresses": [
              "10.0.1.4"
            ],
            "resource_group_name": "myResourceGroup",
            "tags": {
              "environment": "Terraform Demo"
            },
            "virtual_machine_id": "/subscriptions/c793619e-4ef0-429f-b7bd-37ab072d9418/resourceGroups/myResourceGroup/providers/Microsoft.Compute/virtualMachines/jenkinsSlaveVM"
          }
        }
      ]
    },
    {
      "mode": "managed",
      "type": "azurerm_network_interface",
      "name": "pythonservernic",
      "provider": "provider.azurerm",
      "instances": [
        {
          "schema_version": 0,
          "attributes": {
            "applied_dns_servers": [],
            "dns_servers": [],
            "enable_accelerated_networking": false,
            "enable_ip_forwarding": false,
            "id": "/subscriptions/c793619e-4ef0-429f-b7bd-37ab072d9418/resourceGroups/myResourceGroup/providers/Microsoft.Network/networkInterfaces/pythonServerNIC",
            "internal_dns_name_label": "",
            "internal_fqdn": "",
            "ip_configuration": [
              {
                "application_gateway_backend_address_pools_ids": [],
                "application_security_group_ids": [],
                "load_balancer_backend_address_pools_ids": [],
                "load_balancer_inbound_nat_rules_ids": [],
                "name": "pythonServerNicConfiguration",
                "primary": true,
                "private_ip_address": "",
                "private_ip_address_allocation": "dynamic",
                "private_ip_address_version": "IPv4",
                "public_ip_address_id": "/subscriptions/c793619e-4ef0-429f-b7bd-37ab072d9418/resourceGroups/myResourceGroup/providers/Microsoft.Network/publicIPAddresses/pythonServerPublicIP",
                "subnet_id": "/subscriptions/c793619e-4ef0-429f-b7bd-37ab072d9418/resourceGroups/myResourceGroup/providers/Microsoft.Network/virtualNetworks/myVnet/subnets/mySubnet"
              }
            ],
            "location": "uksouth",
            "mac_address": "00-22-48-07-E6-E5",
            "name": "pythonServerNIC",
            "network_security_group_id": "/subscriptions/c793619e-4ef0-429f-b7bd-37ab072d9418/resourceGroups/myResourceGroup/providers/Microsoft.Network/networkSecurityGroups/pythonServerNetworkSecurityGroup",
            "private_ip_address": "10.0.1.5",
            "private_ip_addresses": [
              "10.0.1.5"
            ],
            "resource_group_name": "myResourceGroup",
            "tags": {
              "environment": "Terraform Demo"
            },
            "virtual_machine_id": "/subscriptions/c793619e-4ef0-429f-b7bd-37ab072d9418/resourceGroups/myResourceGroup/providers/Microsoft.Compute/virtualMachines/pythonServerVM"
          }
        }
      ]
    },
    {
      "mode": "managed",
      "type": "azurerm_network_security_group",
      "name": "jenkinshostnsg",
      "provider": "provider.azurerm",
      "instances": [
        {
          "schema_version": 0,
          "attributes": {
            "id": "/subscriptions/c793619e-4ef0-429f-b7bd-37ab072d9418/resourceGroups/myResourceGroup/providers/Microsoft.Network/networkSecurityGroups/jenkinsHostNetworkSecurityGroup",
            "location": "uksouth",
            "name": "jenkinsHostNetworkSecurityGroup",
            "resource_group_name": "myResourceGroup",
            "security_rule": [
              {
                "access": "Allow",
                "description": "",
                "destination_address_prefix": "*",
                "destination_address_prefixes": [],
                "destination_application_security_group_ids": [],
                "destination_port_range": "22",
                "destination_port_ranges": [],
                "direction": "Inbound",
                "name": "SSH",
                "priority": 100,
                "protocol": "Tcp",
                "source_address_prefix": "*",
                "source_address_prefixes": [],
                "source_application_security_group_ids": [],
                "source_port_range": "*",
                "source_port_ranges": []
              },
              {
                "access": "Allow",
                "description": "",
                "destination_address_prefix": "*",
                "destination_address_prefixes": [],
                "destination_application_security_group_ids": [],
                "destination_port_range": "8080",
                "destination_port_ranges": [],
                "direction": "Inbound",
                "name": "Jenkins",
                "priority": 200,
                "protocol": "Tcp",
                "source_address_prefix": "*",
                "source_address_prefixes": [],
                "source_application_security_group_ids": [],
                "source_port_range": "*",
                "source_port_ranges": []
              }
            ],
            "tags": {
              "environment": "Terraform Demo"
            }
          },
          "depends_on": [
            "azurerm_resource_group.main"
          ]
        }
      ]
    },
    {
      "mode": "managed",
      "type": "azurerm_network_security_group",
      "name": "jenkinsslavensg",
      "provider": "provider.azurerm",
      "instances": [
        {
          "schema_version": 0,
          "attributes": {
            "id": "/subscriptions/c793619e-4ef0-429f-b7bd-37ab072d9418/resourceGroups/myResourceGroup/providers/Microsoft.Network/networkSecurityGroups/jenkinsSlaveNetworkSecurityGroup",
            "location": "uksouth",
            "name": "jenkinsSlaveNetworkSecurityGroup",
            "resource_group_name": "myResourceGroup",
            "security_rule": [
              {
                "access": "Allow",
                "description": "",
                "destination_address_prefix": "*",
                "destination_address_prefixes": [],
                "destination_application_security_group_ids": [],
                "destination_port_range": "22",
                "destination_port_ranges": [],
                "direction": "Inbound",
                "name": "SSH",
                "priority": 100,
                "protocol": "Tcp",
                "source_address_prefix": "*",
                "source_address_prefixes": [],
                "source_application_security_group_ids": [],
                "source_port_range": "*",
                "source_port_ranges": []
              }
            ],
            "tags": {
              "environment": "Terraform Demo"
            }
          },
          "depends_on": [
            "azurerm_resource_group.main"
          ]
        }
      ]
    },
    {
      "mode": "managed",
      "type": "azurerm_network_security_group",
      "name": "pythonservernsg",
      "provider": "provider.azurerm",
      "instances": [
        {
          "schema_version": 0,
          "attributes": {
            "id": "/subscriptions/c793619e-4ef0-429f-b7bd-37ab072d9418/resourceGroups/myResourceGroup/providers/Microsoft.Network/networkSecurityGroups/pythonServerNetworkSecurityGroup",
            "location": "uksouth",
            "name": "pythonServerNetworkSecurityGroup",
            "resource_group_name": "myResourceGroup",
            "security_rule": [
              {
                "access": "Allow",
                "description": "",
                "destination_address_prefix": "*",
                "destination_address_prefixes": [],
                "destination_application_security_group_ids": [],
                "destination_port_range": "22",
                "destination_port_ranges": [],
                "direction": "Inbound",
                "name": "SSH",
                "priority": 100,
                "protocol": "Tcp",
                "source_address_prefix": "*",
                "source_address_prefixes": [],
                "source_application_security_group_ids": [],
                "source_port_range": "*",
                "source_port_ranges": []
              },
              {
                "access": "Allow",
                "description": "",
                "destination_address_prefix": "*",
                "destination_address_prefixes": [],
                "destination_application_security_group_ids": [],
                "destination_port_range": "3000",
                "destination_port_ranges": [],
                "direction": "Inbound",
                "name": "PythonServer",
                "priority": 200,
                "protocol": "Tcp",
                "source_address_prefix": "*",
                "source_address_prefixes": [],
                "source_application_security_group_ids": [],
                "source_port_range": "*",
                "source_port_ranges": []
              }
            ],
            "tags": {
              "environment": "Terraform Demo"
            }
          },
          "depends_on": [
            "azurerm_resource_group.main"
          ]
        }
      ]
    },
    {
      "mode": "managed",
      "type": "azurerm_public_ip",
      "name": "jenkinshostpip",
      "provider": "provider.azurerm",
      "instances": [
        {
          "schema_version": 0,
          "attributes": {
            "allocation_method": "Dynamic",
            "domain_name_label": "jenkinshost-080719210648",
            "fqdn": "jenkinshost-080719210648.uksouth.cloudapp.azure.com",
            "id": "/subscriptions/c793619e-4ef0-429f-b7bd-37ab072d9418/resourceGroups/myResourceGroup/providers/Microsoft.Network/publicIPAddresses/jenkinsHostPublicIP",
            "idle_timeout_in_minutes": 4,
            "ip_address": "51.140.156.184",
            "ip_version": "IPv4",
            "location": "uksouth",
            "name": "jenkinsHostPublicIP",
            "public_ip_address_allocation": "Dynamic",
            "public_ip_prefix_id": null,
            "resource_group_name": "myResourceGroup",
            "reverse_fqdn": "",
            "sku": "Basic",
            "tags": {
              "environment": "Terraform Demo"
            },
            "zones": []
          },
          "private": "bnVsbA==",
          "depends_on": [
            "azurerm_resource_group.main"
          ]
        }
      ]
    },
    {
      "mode": "managed",
      "type": "azurerm_public_ip",
      "name": "jenkinsslavepip",
      "provider": "provider.azurerm",
      "instances": [
        {
          "schema_version": 0,
          "attributes": {
            "allocation_method": "Dynamic",
            "domain_name_label": "jenkinsslave-080719210648",
            "fqdn": "jenkinsslave-080719210648.uksouth.cloudapp.azure.com",
            "id": "/subscriptions/c793619e-4ef0-429f-b7bd-37ab072d9418/resourceGroups/myResourceGroup/providers/Microsoft.Network/publicIPAddresses/jenkinsSlavePublicIP",
            "idle_timeout_in_minutes": 4,
            "ip_address": "52.151.65.80",
            "ip_version": "IPv4",
            "location": "uksouth",
            "name": "jenkinsSlavePublicIP",
            "public_ip_address_allocation": "Dynamic",
            "public_ip_prefix_id": null,
            "resource_group_name": "myResourceGroup",
            "reverse_fqdn": "",
            "sku": "Basic",
            "tags": {
              "environment": "Terraform Demo"
            },
            "zones": []
          },
          "private": "bnVsbA==",
          "depends_on": [
            "azurerm_resource_group.main"
          ]
        }
      ]
    },
    {
      "mode": "managed",
      "type": "azurerm_public_ip",
      "name": "myterraformpublicip",
      "provider": "provider.azurerm",
      "instances": [
        {
          "schema_version": 0,
          "attributes": {
            "allocation_method": "Dynamic",
            "domain_name_label": "azureadm-080719210648",
            "fqdn": "azureadm-080719210648.uksouth.cloudapp.azure.com",
            "id": "/subscriptions/c793619e-4ef0-429f-b7bd-37ab072d9418/resourceGroups/myResourceGroup/providers/Microsoft.Network/publicIPAddresses/myPublicIP",
            "idle_timeout_in_minutes": 4,
            "ip_address": "",
            "ip_version": "IPv4",
            "location": "uksouth",
            "name": "myPublicIP",
            "public_ip_address_allocation": "Dynamic",
            "public_ip_prefix_id": null,
            "resource_group_name": "myResourceGroup",
            "reverse_fqdn": "",
            "sku": "Basic",
            "tags": {
              "environment": "Terraform Demo"
            },
            "zones": null
          },
          "private": "bnVsbA==",
          "depends_on": [
            "azurerm_resource_group.main"
          ]
        }
      ]
    },
    {
      "mode": "managed",
      "type": "azurerm_public_ip",
      "name": "pythonserverpip",
      "provider": "provider.azurerm",
      "instances": [
        {
          "schema_version": 0,
          "attributes": {
            "allocation_method": "Dynamic",
            "domain_name_label": "pythonserver-080719210648",
            "fqdn": "pythonserver-080719210648.uksouth.cloudapp.azure.com",
            "id": "/subscriptions/c793619e-4ef0-429f-b7bd-37ab072d9418/resourceGroups/myResourceGroup/providers/Microsoft.Network/publicIPAddresses/pythonServerPublicIP",
            "idle_timeout_in_minutes": 4,
            "ip_address": "52.151.95.233",
            "ip_version": "IPv4",
            "location": "uksouth",
            "name": "pythonServerPublicIP",
            "public_ip_address_allocation": "Dynamic",
            "public_ip_prefix_id": null,
            "resource_group_name": "myResourceGroup",
            "reverse_fqdn": "",
            "sku": "Basic",
            "tags": {
              "environment": "Terraform Demo"
            },
            "zones": []
          },
          "private": "bnVsbA==",
          "depends_on": [
            "azurerm_resource_group.main"
          ]
        }
      ]
    },
    {
      "mode": "managed",
      "type": "azurerm_resource_group",
      "name": "main",
      "provider": "provider.azurerm",
      "instances": [
        {
          "schema_version": 0,
          "attributes": {
            "id": "/subscriptions/c793619e-4ef0-429f-b7bd-37ab072d9418/resourceGroups/myResourceGroup",
            "location": "uksouth",
            "name": "myResourceGroup",
            "tags": {
              "environment": "Terraform Demo"
            }
          }
        }
      ]
    },
    {
      "mode": "managed",
      "type": "azurerm_storage_account",
      "name": "mystorageaccount",
      "provider": "provider.azurerm",
      "instances": [
        {
          "schema_version": 2,
          "attributes": {
            "access_tier": "",
            "account_encryption_source": "Microsoft.Storage",
            "account_kind": "Storage",
            "account_replication_type": "LRS",
            "account_tier": "Standard",
            "account_type": "Standard_LRS",
            "custom_domain": [],
            "enable_blob_encryption": true,
            "enable_file_encryption": true,
            "enable_https_traffic_only": false,
            "id": "/subscriptions/c793619e-4ef0-429f-b7bd-37ab072d9418/resourceGroups/myResourceGroup/providers/Microsoft.Storage/storageAccounts/diagf365bd9cfe063a69",
            "identity": [],
            "is_hns_enabled": false,
            "location": "uksouth",
            "name": "diagf365bd9cfe063a69",
            "network_rules": [],
            "primary_access_key": "sP/i98o2dMmZ0CUHKbBZgXnMojlcMP/EQJdASu3RRvZGdeB9g4QmRsPATbLB4smiFC3jNo7lkOa8iv1bTu47pA==",
            "primary_blob_connection_string": "DefaultEndpointsProtocol=https;BlobEndpoint=https://diagf365bd9cfe063a69.blob.core.windows.net/;AccountName=diagf365bd9cfe063a69;AccountKey=sP/i98o2dMmZ0CUHKbBZgXnMojlcMP/EQJdASu3RRvZGdeB9g4QmRsPATbLB4smiFC3jNo7lkOa8iv1bTu47pA==",
            "primary_blob_endpoint": "https://diagf365bd9cfe063a69.blob.core.windows.net/",
            "primary_blob_host": "diagf365bd9cfe063a69.blob.core.windows.net",
            "primary_connection_string": "DefaultEndpointsProtocol=https;AccountName=diagf365bd9cfe063a69;AccountKey=sP/i98o2dMmZ0CUHKbBZgXnMojlcMP/EQJdASu3RRvZGdeB9g4QmRsPATbLB4smiFC3jNo7lkOa8iv1bTu47pA==;EndpointSuffix=core.windows.net",
            "primary_dfs_endpoint": "",
            "primary_dfs_host": "",
            "primary_file_endpoint": "https://diagf365bd9cfe063a69.file.core.windows.net/",
            "primary_file_host": "diagf365bd9cfe063a69.file.core.windows.net",
            "primary_location": "uksouth",
            "primary_queue_endpoint": "https://diagf365bd9cfe063a69.queue.core.windows.net/",
            "primary_queue_host": "diagf365bd9cfe063a69.queue.core.windows.net",
            "primary_table_endpoint": "https://diagf365bd9cfe063a69.table.core.windows.net/",
            "primary_table_host": "diagf365bd9cfe063a69.table.core.windows.net",
            "primary_web_endpoint": "",
            "primary_web_host": "",
            "resource_group_name": "myResourceGroup",
            "secondary_access_key": "HoVCEwnUPi8+2qFXKYWUn2Isjv/Whf+kSIXAA6R/QsI9TEMinsg4oALRTfedjreghJ9GImp2CnNmrjh3haMhww==",
            "secondary_blob_connection_string": "",
            "secondary_blob_endpoint": null,
            "secondary_blob_host": null,
            "secondary_connection_string": "DefaultEndpointsProtocol=https;AccountName=diagf365bd9cfe063a69;AccountKey=HoVCEwnUPi8+2qFXKYWUn2Isjv/Whf+kSIXAA6R/QsI9TEMinsg4oALRTfedjreghJ9GImp2CnNmrjh3haMhww==;EndpointSuffix=core.windows.net",
            "secondary_dfs_endpoint": null,
            "secondary_dfs_host": null,
            "secondary_file_endpoint": null,
            "secondary_file_host": null,
            "secondary_location": "",
            "secondary_queue_endpoint": null,
            "secondary_queue_host": null,
            "secondary_table_endpoint": null,
            "secondary_table_host": null,
            "secondary_web_endpoint": null,
            "secondary_web_host": null,
            "tags": {
              "environment": "Terraform Demo"
            }
          },
          "private": "eyJzY2hlbWFfdmVyc2lvbiI6IjIifQ==",
          "depends_on": [
            "azurerm_resource_group.main",
            "random_id.randomId"
          ]
        }
      ]
    },
    {
      "mode": "managed",
      "type": "azurerm_subnet",
      "name": "myterraformsubnet",
      "provider": "provider.azurerm",
      "instances": [
        {
          "schema_version": 0,
          "attributes": {
            "address_prefix": "10.0.1.0/24",
            "delegation": [],
            "id": "/subscriptions/c793619e-4ef0-429f-b7bd-37ab072d9418/resourceGroups/myResourceGroup/providers/Microsoft.Network/virtualNetworks/myVnet/subnets/mySubnet",
            "ip_configurations": [
              "/subscriptions/c793619e-4ef0-429f-b7bd-37ab072d9418/resourceGroups/myResourceGroup/providers/Microsoft.Network/networkInterfaces/jenkinsHostNIC/ipConfigurations/jenkinsHostNicConfiguration",
              "/subscriptions/c793619e-4ef0-429f-b7bd-37ab072d9418/resourceGroups/myResourceGroup/providers/Microsoft.Network/networkInterfaces/jenkinsSlaveNIC/ipConfigurations/jenkinsSlaveNicConfiguration",
              "/subscriptions/c793619e-4ef0-429f-b7bd-37ab072d9418/resourceGroups/myResourceGroup/providers/Microsoft.Network/networkInterfaces/pythonServerNIC/ipConfigurations/pythonServerNicConfiguration"
            ],
            "name": "mySubnet",
            "network_security_group_id": "",
            "resource_group_name": "myResourceGroup",
            "route_table_id": "",
            "service_endpoints": [],
            "virtual_network_name": "myVnet"
          },
          "depends_on": [
            "azurerm_resource_group.main",
            "azurerm_virtual_network.myterraformnetwork"
          ]
        }
      ]
    },
    {
      "mode": "managed",
      "type": "azurerm_virtual_machine",
      "name": "jenkinshostvm",
      "provider": "provider.azurerm",
      "instances": [
        {
          "schema_version": 0,
          "attributes": {
            "availability_set_id": null,
            "boot_diagnostics": [
              {
                "enabled": true,
                "storage_uri": "https://diagf365bd9cfe063a69.blob.core.windows.net/"
              }
            ],
            "delete_data_disks_on_termination": false,
            "delete_os_disk_on_termination": false,
            "id": "/subscriptions/c793619e-4ef0-429f-b7bd-37ab072d9418/resourceGroups/myResourceGroup/providers/Microsoft.Compute/virtualMachines/jenkinsHostVM",
            "identity": [],
            "license_type": null,
            "location": "uksouth",
            "name": "jenkinsHostVM",
            "network_interface_ids": [
              "/subscriptions/c793619e-4ef0-429f-b7bd-37ab072d9418/resourceGroups/myResourceGroup/providers/Microsoft.Network/networkInterfaces/jenkinsHostNIC"
            ],
            "os_profile": [
              {
                "admin_password": "",
                "admin_username": "jenkinshost",
                "computer_name": "hostname",
                "custom_data": ""
              }
            ],
            "os_profile_linux_config": [
              {
                "disable_password_authentication": true,
                "ssh_keys": [
                  {
                    "key_data": "ssh-rsa AAAAB3NzaC1yc2EAAAADAQABAAABAQC1KOPrKJZd5EGj/USAdgFftUVDWT4dxt10hE6i7AkwGM705LHh95fz+pZWC126BX4pJkaLj/WMcEzl2rLz9YTA4Z4k1K5SX7UynEuHtlVpTg1xRoQbxnu3CERh/wxskBhCfpymyFLppaus5G8GsjJYawDrKZOTaDHUy0HEjQ8Zje5/yciXmmE6EL7OJIZyn43cKgOZp+s48s/dWWshLc79B4EYlZxB2FZIUmUpABKjWZchG9ZAo3Xab5CoFmsre7+SWsGZT8N6GTf+5gIJGoLys08lJJCTdWfqNHC9Iqliq2EENRfy26PIY7SeRWpn5RCCNuWxmXnnvPJS410Gzf1r vagrant@ubuntu-xenial\n",
                    "path": "/home/jenkinshost/.ssh/authorized_keys"
                  }
                ]
              }
            ],
            "os_profile_secrets": [],
            "os_profile_windows_config": [],
            "plan": [],
            "primary_network_interface_id": null,
            "resource_group_name": "myResourceGroup",
            "storage_data_disk": [],
            "storage_image_reference": [
              {
                "id": "",
                "offer": "UbuntuServer",
                "publisher": "Canonical",
                "sku": "16.04.0-LTS",
                "version": "latest"
              }
            ],
            "storage_os_disk": [
              {
                "caching": "ReadWrite",
                "create_option": "FromImage",
                "disk_size_gb": 30,
                "image_uri": "",
                "managed_disk_id": "/subscriptions/c793619e-4ef0-429f-b7bd-37ab072d9418/resourceGroups/myResourceGroup/providers/Microsoft.Compute/disks/jenkinsHostOsDisk",
                "managed_disk_type": "Premium_LRS",
                "name": "jenkinsHostOsDisk",
                "os_type": "Linux",
                "vhd_uri": "",
                "write_accelerator_enabled": false
              }
            ],
            "tags": {
              "environment": "Terraform Demo"
            },
            "vm_size": "Standard_B1MS",
            "zones": null
          },
          "private": "bnVsbA==",
          "depends_on": [
            "azurerm_network_interface.jenkinshostnic",
            "azurerm_public_ip.jenkinshostpip",
            "azurerm_resource_group.main",
            "azurerm_storage_account.mystorageaccount"
          ]
        }
      ]
    },
    {
      "mode": "managed",
      "type": "azurerm_virtual_machine",
      "name": "jenkinsslavevm",
      "provider": "provider.azurerm",
      "instances": [
        {
          "status": "tainted",
          "schema_version": 0,
          "attributes": {
            "availability_set_id": null,
            "boot_diagnostics": [
              {
                "enabled": true,
                "storage_uri": "https://diagf365bd9cfe063a69.blob.core.windows.net/"
              }
            ],
            "delete_data_disks_on_termination": false,
            "delete_os_disk_on_termination": false,
            "id": "/subscriptions/c793619e-4ef0-429f-b7bd-37ab072d9418/resourceGroups/myResourceGroup/providers/Microsoft.Compute/virtualMachines/jenkinsSlaveVM",
            "identity": [],
            "license_type": null,
            "location": "uksouth",
            "name": "jenkinsSlaveVM",
            "network_interface_ids": [
              "/subscriptions/c793619e-4ef0-429f-b7bd-37ab072d9418/resourceGroups/myResourceGroup/providers/Microsoft.Network/networkInterfaces/jenkinsSlaveNIC"
            ],
            "os_profile": [
              {
                "admin_password": "",
                "admin_username": "jenkinsslave",
                "computer_name": "hostname",
                "custom_data": ""
              }
            ],
            "os_profile_linux_config": [
              {
                "disable_password_authentication": true,
                "ssh_keys": [
                  {
                    "key_data": "ssh-rsa AAAAB3NzaC1yc2EAAAADAQABAAABAQC1KOPrKJZd5EGj/USAdgFftUVDWT4dxt10hE6i7AkwGM705LHh95fz+pZWC126BX4pJkaLj/WMcEzl2rLz9YTA4Z4k1K5SX7UynEuHtlVpTg1xRoQbxnu3CERh/wxskBhCfpymyFLppaus5G8GsjJYawDrKZOTaDHUy0HEjQ8Zje5/yciXmmE6EL7OJIZyn43cKgOZp+s48s/dWWshLc79B4EYlZxB2FZIUmUpABKjWZchG9ZAo3Xab5CoFmsre7+SWsGZT8N6GTf+5gIJGoLys08lJJCTdWfqNHC9Iqliq2EENRfy26PIY7SeRWpn5RCCNuWxmXnnvPJS410Gzf1r vagrant@ubuntu-xenial\n",
                    "path": "/home/jenkinsslave/.ssh/authorized_keys"
                  }
                ]
              }
            ],
            "os_profile_secrets": [],
            "os_profile_windows_config": [],
            "plan": [],
            "primary_network_interface_id": null,
            "resource_group_name": "myResourceGroup",
            "storage_data_disk": [],
            "storage_image_reference": [
              {
                "id": "",
                "offer": "UbuntuServer",
                "publisher": "Canonical",
                "sku": "16.04.0-LTS",
                "version": "latest"
              }
            ],
            "storage_os_disk": [
              {
                "caching": "ReadWrite",
                "create_option": "FromImage",
                "disk_size_gb": 30,
                "image_uri": "",
                "managed_disk_id": "/subscriptions/c793619e-4ef0-429f-b7bd-37ab072d9418/resourceGroups/myResourceGroup/providers/Microsoft.Compute/disks/jenkinsSlaveOsDisk",
                "managed_disk_type": "Premium_LRS",
                "name": "jenkinsSlaveOsDisk",
                "os_type": "Linux",
                "vhd_uri": "",
                "write_accelerator_enabled": false
              }
            ],
            "tags": {
              "environment": "Terraform Demo"
            },
            "vm_size": "Standard_B1MS",
            "zones": null
          },
          "private": "bnVsbA==",
          "depends_on": [
            "azurerm_network_interface.jenkinsslavenic",
            "azurerm_public_ip.jenkinsslavepip",
            "azurerm_resource_group.main",
            "azurerm_storage_account.mystorageaccount"
          ]
        }
      ]
    },
    {
      "mode": "managed",
      "type": "azurerm_virtual_machine",
      "name": "pythonservervm",
      "provider": "provider.azurerm",
      "instances": [
        {
          "status": "tainted",
          "schema_version": 0,
          "attributes": {
            "availability_set_id": null,
            "boot_diagnostics": [
              {
                "enabled": true,
                "storage_uri": "https://diagf365bd9cfe063a69.blob.core.windows.net/"
              }
            ],
            "delete_data_disks_on_termination": false,
            "delete_os_disk_on_termination": false,
            "id": "/subscriptions/c793619e-4ef0-429f-b7bd-37ab072d9418/resourceGroups/myResourceGroup/providers/Microsoft.Compute/virtualMachines/pythonServerVM",
            "identity": [],
            "license_type": null,
            "location": "uksouth",
            "name": "pythonServerVM",
            "network_interface_ids": [
              "/subscriptions/c793619e-4ef0-429f-b7bd-37ab072d9418/resourceGroups/myResourceGroup/providers/Microsoft.Network/networkInterfaces/pythonServerNIC"
            ],
            "os_profile": [
              {
                "admin_password": "",
                "admin_username": "pythonserver",
                "computer_name": "hostname",
                "custom_data": ""
              }
            ],
            "os_profile_linux_config": [
              {
                "disable_password_authentication": true,
                "ssh_keys": [
                  {
                    "key_data": "ssh-rsa AAAAB3NzaC1yc2EAAAADAQABAAABAQC1KOPrKJZd5EGj/USAdgFftUVDWT4dxt10hE6i7AkwGM705LHh95fz+pZWC126BX4pJkaLj/WMcEzl2rLz9YTA4Z4k1K5SX7UynEuHtlVpTg1xRoQbxnu3CERh/wxskBhCfpymyFLppaus5G8GsjJYawDrKZOTaDHUy0HEjQ8Zje5/yciXmmE6EL7OJIZyn43cKgOZp+s48s/dWWshLc79B4EYlZxB2FZIUmUpABKjWZchG9ZAo3Xab5CoFmsre7+SWsGZT8N6GTf+5gIJGoLys08lJJCTdWfqNHC9Iqliq2EENRfy26PIY7SeRWpn5RCCNuWxmXnnvPJS410Gzf1r vagrant@ubuntu-xenial\n",
                    "path": "/home/pythonserver/.ssh/authorized_keys"
                  }
                ]
              }
            ],
            "os_profile_secrets": [],
            "os_profile_windows_config": [],
            "plan": [],
            "primary_network_interface_id": null,
            "resource_group_name": "myResourceGroup",
            "storage_data_disk": [],
            "storage_image_reference": [
              {
                "id": "",
                "offer": "UbuntuServer",
                "publisher": "Canonical",
                "sku": "16.04.0-LTS",
                "version": "latest"
              }
            ],
            "storage_os_disk": [
              {
                "caching": "ReadWrite",
                "create_option": "FromImage",
                "disk_size_gb": 30,
                "image_uri": "",
                "managed_disk_id": "/subscriptions/c793619e-4ef0-429f-b7bd-37ab072d9418/resourceGroups/myResourceGroup/providers/Microsoft.Compute/disks/pythonServerOsDisk",
                "managed_disk_type": "Premium_LRS",
                "name": "pythonServerOsDisk",
                "os_type": "Linux",
                "vhd_uri": "",
                "write_accelerator_enabled": false
              }
            ],
            "tags": {
              "environment": "Terraform Demo"
            },
            "vm_size": "Standard_B1MS",
            "zones": null
          },
          "private": "bnVsbA==",
          "depends_on": [
            "azurerm_network_interface.pythonservernic",
            "azurerm_public_ip.pythonserverpip",
            "azurerm_resource_group.main",
            "azurerm_storage_account.mystorageaccount"
          ]
        }
      ]
    },
    {
      "mode": "managed",
      "type": "azurerm_virtual_network",
      "name": "myterraformnetwork",
      "provider": "provider.azurerm",
      "instances": [
        {
          "schema_version": 0,
          "attributes": {
            "address_space": [
              "10.0.0.0/16"
            ],
            "ddos_protection_plan": [],
            "dns_servers": [],
            "id": "/subscriptions/c793619e-4ef0-429f-b7bd-37ab072d9418/resourceGroups/myResourceGroup/providers/Microsoft.Network/virtualNetworks/myVnet",
            "location": "uksouth",
            "name": "myVnet",
            "resource_group_name": "myResourceGroup",
            "subnet": [
              {
                "address_prefix": "10.0.1.0/24",
                "id": "/subscriptions/c793619e-4ef0-429f-b7bd-37ab072d9418/resourceGroups/myResourceGroup/providers/Microsoft.Network/virtualNetworks/myVnet/subnets/mySubnet",
                "name": "mySubnet",
                "security_group": ""
              }
            ],
            "tags": {
              "environment": "Terraform Demo"
            }
          },
          "depends_on": [
            "azurerm_resource_group.main"
          ]
        }
      ]
    },
    {
      "mode": "managed",
      "type": "random_id",
      "name": "randomId",
      "provider": "provider.random",
      "instances": [
        {
          "schema_version": 0,
          "attributes": {
            "b64": "82W9nP4GOmk",
            "b64_std": "82W9nP4GOmk=",
            "b64_url": "82W9nP4GOmk",
            "byte_length": 8,
            "dec": "17538632805838633577",
            "hex": "f365bd9cfe063a69",
            "id": "82W9nP4GOmk",
            "keepers": {
              "resource_group": "myResourceGroup"
            },
            "prefix": null
          },
          "private": "bnVsbA==",
          "depends_on": [
            "azurerm_resource_group.main"
          ]
        }
      ]
    }
  ]
}
