{
  "version": 4,
  "terraform_version": "0.12.3",
  "serial": 64,
  "lineage": "d143d5a0-8ab5-c263-6d10-e6ead7b394cf",
  "outputs": {},
  "resources": [
    {
      "mode": "managed",
      "type": "azurerm_network_interface",
      "name": "myterraformnic",
      "provider": "provider.azurerm",
      "instances": [
        {
          "schema_version": 0,
          "attributes": {
            "applied_dns_servers": [],
            "dns_servers": [],
            "enable_accelerated_networking": false,
            "enable_ip_forwarding": false,
            "id": "/subscriptions/c793619e-4ef0-429f-b7bd-37ab072d9418/resourceGroups/myResourceGroup/providers/Microsoft.Network/networkInterfaces/myNIC",
            "internal_dns_name_label": "",
            "internal_fqdn": "",
            "ip_configuration": [
              {
                "application_gateway_backend_address_pools_ids": [],
                "application_security_group_ids": [],
                "load_balancer_backend_address_pools_ids": [],
                "load_balancer_inbound_nat_rules_ids": [],
                "name": "myNicConfiguration",
                "primary": true,
                "private_ip_address": "",
                "private_ip_address_allocation": "dynamic",
                "private_ip_address_version": "IPv4",
                "public_ip_address_id": "/subscriptions/c793619e-4ef0-429f-b7bd-37ab072d9418/resourceGroups/myResourceGroup/providers/Microsoft.Network/publicIPAddresses/myPublicIP",
                "subnet_id": "/subscriptions/c793619e-4ef0-429f-b7bd-37ab072d9418/resourceGroups/myResourceGroup/providers/Microsoft.Network/virtualNetworks/myVnet/subnets/mySubnet"
              }
            ],
            "location": "uksouth",
            "mac_address": "",
            "name": "myNIC",
            "network_security_group_id": "/subscriptions/c793619e-4ef0-429f-b7bd-37ab072d9418/resourceGroups/myResourceGroup/providers/Microsoft.Network/networkSecurityGroups/myNetworkSecurityGroup",
            "private_ip_address": "10.0.1.4",
            "private_ip_addresses": [
              "10.0.1.4"
            ],
            "resource_group_name": "myResourceGroup",
            "tags": {
              "environment": "Terraform Demo"
            },
            "virtual_machine_id": null
          },
          "private": "bnVsbA==",
          "depends_on": [
            "azurerm_network_security_group.myterraformnsg",
            "azurerm_public_ip.myterraformpublicip",
            "azurerm_resource_group.myterraformgroup",
            "azurerm_subnet.myterraformsubnet"
          ]
        }
      ]
    },
    {
      "mode": "managed",
      "type": "azurerm_network_security_group",
      "name": "myterraformnsg",
      "provider": "provider.azurerm",
      "instances": [
        {
          "schema_version": 0,
          "attributes": {
            "id": "/subscriptions/c793619e-4ef0-429f-b7bd-37ab072d9418/resourceGroups/myResourceGroup/providers/Microsoft.Network/networkSecurityGroups/myNetworkSecurityGroup",
            "location": "uksouth",
            "name": "myNetworkSecurityGroup",
            "resource_group_name": "myResourceGroup",
            "security_rule": [
              {
                "access": "Allow",
                "description": "",
                "destination_address_prefix": "*",
                "destination_address_prefixes": [],
                "destination_application_security_group_ids": [],
                "destination_port_range": "22",
                "destination_port_ranges": [],
                "direction": "Inbound",
                "name": "SSH",
                "priority": 100,
                "protocol": "Tcp",
                "source_address_prefix": "*",
                "source_address_prefixes": [],
                "source_application_security_group_ids": [],
                "source_port_range": "*",
                "source_port_ranges": []
              }
            ],
            "tags": {
              "environment": "Terraform Demo"
            }
          },
          "private": "bnVsbA==",
          "depends_on": [
            "azurerm_resource_group.myterraformgroup"
          ]
        }
      ]
    },
    {
      "mode": "managed",
      "type": "azurerm_public_ip",
      "name": "myterraformpublicip",
      "provider": "provider.azurerm",
      "instances": [
        {
          "schema_version": 0,
          "attributes": {
            "allocation_method": "Dynamic",
            "domain_name_label": null,
            "fqdn": null,
            "id": "/subscriptions/c793619e-4ef0-429f-b7bd-37ab072d9418/resourceGroups/myResourceGroup/providers/Microsoft.Network/publicIPAddresses/myPublicIP",
            "idle_timeout_in_minutes": 4,
            "ip_address": "",
            "ip_version": "IPv4",
            "location": "uksouth",
            "name": "myPublicIP",
            "public_ip_address_allocation": "Dynamic",
            "public_ip_prefix_id": null,
            "resource_group_name": "myResourceGroup",
            "reverse_fqdn": null,
            "sku": "Basic",
            "tags": {
              "environment": "Terraform Demo"
            },
            "zones": null
          },
          "private": "bnVsbA==",
          "depends_on": [
            "azurerm_resource_group.myterraformgroup"
          ]
        }
      ]
    },
    {
      "mode": "managed",
      "type": "azurerm_resource_group",
      "name": "myterraformgroup",
      "provider": "provider.azurerm",
      "instances": [
        {
          "schema_version": 0,
          "attributes": {
            "id": "/subscriptions/c793619e-4ef0-429f-b7bd-37ab072d9418/resourceGroups/myResourceGroup",
            "location": "uksouth",
            "name": "myResourceGroup",
            "tags": {
              "environment": "Terraform Demo"
            }
          },
          "private": "bnVsbA=="
        }
      ]
    },
    {
      "mode": "managed",
      "type": "azurerm_storage_account",
      "name": "mystorageaccount",
      "provider": "provider.azurerm",
      "instances": [
        {
          "schema_version": 2,
          "attributes": {
            "access_tier": "",
            "account_encryption_source": "Microsoft.Storage",
            "account_kind": "Storage",
            "account_replication_type": "LRS",
            "account_tier": "Standard",
            "account_type": "Standard_LRS",
            "custom_domain": [],
            "enable_blob_encryption": true,
            "enable_file_encryption": true,
            "enable_https_traffic_only": false,
            "id": "/subscriptions/c793619e-4ef0-429f-b7bd-37ab072d9418/resourceGroups/myResourceGroup/providers/Microsoft.Storage/storageAccounts/diagaecef6c2e7bf5ac2",
            "identity": [],
            "is_hns_enabled": false,
            "location": "uksouth",
            "name": "diagaecef6c2e7bf5ac2",
            "network_rules": [],
            "primary_access_key": "tkZ/LFw8sEYjrkD+hJO7eRhOzwK8zIqEv49uNS+AhOD3hqk6JaohLi91Ei8PyZl/xwfZFQWNfkfvvLqXn0oOVQ==",
            "primary_blob_connection_string": "DefaultEndpointsProtocol=https;BlobEndpoint=https://diagaecef6c2e7bf5ac2.blob.core.windows.net/;AccountName=diagaecef6c2e7bf5ac2;AccountKey=tkZ/LFw8sEYjrkD+hJO7eRhOzwK8zIqEv49uNS+AhOD3hqk6JaohLi91Ei8PyZl/xwfZFQWNfkfvvLqXn0oOVQ==",
            "primary_blob_endpoint": "https://diagaecef6c2e7bf5ac2.blob.core.windows.net/",
            "primary_blob_host": "diagaecef6c2e7bf5ac2.blob.core.windows.net",
            "primary_connection_string": "DefaultEndpointsProtocol=https;AccountName=diagaecef6c2e7bf5ac2;AccountKey=tkZ/LFw8sEYjrkD+hJO7eRhOzwK8zIqEv49uNS+AhOD3hqk6JaohLi91Ei8PyZl/xwfZFQWNfkfvvLqXn0oOVQ==;EndpointSuffix=core.windows.net",
            "primary_dfs_endpoint": "",
            "primary_dfs_host": "",
            "primary_file_endpoint": "https://diagaecef6c2e7bf5ac2.file.core.windows.net/",
            "primary_file_host": "diagaecef6c2e7bf5ac2.file.core.windows.net",
            "primary_location": "uksouth",
            "primary_queue_endpoint": "https://diagaecef6c2e7bf5ac2.queue.core.windows.net/",
            "primary_queue_host": "diagaecef6c2e7bf5ac2.queue.core.windows.net",
            "primary_table_endpoint": "https://diagaecef6c2e7bf5ac2.table.core.windows.net/",
            "primary_table_host": "diagaecef6c2e7bf5ac2.table.core.windows.net",
            "primary_web_endpoint": "",
            "primary_web_host": "",
            "resource_group_name": "myResourceGroup",
            "secondary_access_key": "RNEm+PDl7nnq9IHs4p1ZfSzmGf99+0Wkkc+zIj3TxmA+S4h+iRpKrCIF/zH3OP0UMtrrdp1hsT1poUEXi5aY3w==",
            "secondary_blob_connection_string": "",
            "secondary_blob_endpoint": null,
            "secondary_blob_host": null,
            "secondary_connection_string": "DefaultEndpointsProtocol=https;AccountName=diagaecef6c2e7bf5ac2;AccountKey=RNEm+PDl7nnq9IHs4p1ZfSzmGf99+0Wkkc+zIj3TxmA+S4h+iRpKrCIF/zH3OP0UMtrrdp1hsT1poUEXi5aY3w==;EndpointSuffix=core.windows.net",
            "secondary_dfs_endpoint": null,
            "secondary_dfs_host": null,
            "secondary_file_endpoint": null,
            "secondary_file_host": null,
            "secondary_location": "",
            "secondary_queue_endpoint": null,
            "secondary_queue_host": null,
            "secondary_table_endpoint": null,
            "secondary_table_host": null,
            "secondary_web_endpoint": null,
            "secondary_web_host": null,
            "tags": {
              "environment": "Terraform Demo"
            }
          },
          "private": "eyJzY2hlbWFfdmVyc2lvbiI6IjIifQ==",
          "depends_on": [
            "azurerm_resource_group.myterraformgroup",
            "random_id.randomId"
          ]
        }
      ]
    },
    {
      "mode": "managed",
      "type": "azurerm_subnet",
      "name": "myterraformsubnet",
      "provider": "provider.azurerm",
      "instances": [
        {
          "schema_version": 0,
          "attributes": {
            "address_prefix": "10.0.1.0/24",
            "delegation": [],
            "id": "/subscriptions/c793619e-4ef0-429f-b7bd-37ab072d9418/resourceGroups/myResourceGroup/providers/Microsoft.Network/virtualNetworks/myVnet/subnets/mySubnet",
            "ip_configurations": [],
            "name": "mySubnet",
            "network_security_group_id": "",
            "resource_group_name": "myResourceGroup",
            "route_table_id": "",
            "service_endpoints": null,
            "virtual_network_name": "myVnet"
          },
          "private": "bnVsbA==",
          "depends_on": [
            "azurerm_resource_group.myterraformgroup",
            "azurerm_virtual_network.myterraformnetwork"
          ]
        }
      ]
    },
    {
      "mode": "managed",
      "type": "azurerm_virtual_machine",
      "name": "myterraformvm",
      "provider": "provider.azurerm",
      "instances": [
        {
          "schema_version": 0,
          "attributes": {
            "availability_set_id": null,
            "boot_diagnostics": [
              {
                "enabled": true,
                "storage_uri": "https://diagaecef6c2e7bf5ac2.blob.core.windows.net/"
              }
            ],
            "delete_data_disks_on_termination": false,
            "delete_os_disk_on_termination": false,
            "id": "/subscriptions/c793619e-4ef0-429f-b7bd-37ab072d9418/resourceGroups/myResourceGroup/providers/Microsoft.Compute/virtualMachines/myVM",
            "identity": [],
            "license_type": null,
            "location": "uksouth",
            "name": "myVM",
            "network_interface_ids": [
              "/subscriptions/c793619e-4ef0-429f-b7bd-37ab072d9418/resourceGroups/myResourceGroup/providers/Microsoft.Network/networkInterfaces/myNIC"
            ],
            "os_profile": [
              {
                "admin_password": "",
                "admin_username": "azureuser",
                "computer_name": "myvm",
                "custom_data": ""
              }
            ],
            "os_profile_linux_config": [
              {
                "disable_password_authentication": true,
                "ssh_keys": [
                  {
                    "key_data": "ssh-rsa AAAAB3NzaC1yc2EAAAADAQABAAABAQC1KOPrKJZd5EGj/USAdgFftUVDWT4dxt10hE6i7AkwGM705LHh95fz+pZWC126BX4pJkaLj/WMcEzl2rLz9YTA4Z4k1K5SX7UynEuHtlVpTg1xRoQbxnu3CERh/wxskBhCfpymyFLppaus5G8GsjJYawDrKZOTaDHUy0HEjQ8Zje5/yciXmmE6EL7OJIZyn43cKgOZp+s48s/dWWshLc79B4EYlZxB2FZIUmUpABKjWZchG9ZAo3Xab5CoFmsre7+SWsGZT8N6GTf+5gIJGoLys08lJJCTdWfqNHC9Iqliq2EENRfy26PIY7SeRWpn5RCCNuWxmXnnvPJS410Gzf1r vagrant@ubuntu-xenial\n",
                    "path": "/home/azureuser/.ssh/authorized_keys"
                  }
                ]
              }
            ],
            "os_profile_secrets": [],
            "os_profile_windows_config": [],
            "plan": [],
            "primary_network_interface_id": null,
            "resource_group_name": "myResourceGroup",
            "storage_data_disk": [],
            "storage_image_reference": [
              {
                "id": "",
                "offer": "UbuntuServer",
                "publisher": "Canonical",
                "sku": "16.04.0-LTS",
                "version": "latest"
              }
            ],
            "storage_os_disk": [
              {
                "caching": "ReadWrite",
                "create_option": "FromImage",
                "disk_size_gb": 30,
                "image_uri": "",
                "managed_disk_id": "/subscriptions/c793619e-4ef0-429f-b7bd-37ab072d9418/resourceGroups/myResourceGroup/providers/Microsoft.Compute/disks/myOsDisk",
                "managed_disk_type": "Premium_LRS",
                "name": "myOsDisk",
                "os_type": "Linux",
                "vhd_uri": "",
                "write_accelerator_enabled": false
              }
            ],
            "tags": {
              "environment": "Terraform Demo"
            },
            "vm_size": "Standard_DS1_v2",
            "zones": null
          },
          "private": "bnVsbA==",
          "depends_on": [
            "azurerm_network_interface.myterraformnic",
            "azurerm_resource_group.myterraformgroup",
            "azurerm_storage_account.mystorageaccount"
          ]
        }
      ]
    },
    {
      "mode": "managed",
      "type": "azurerm_virtual_network",
      "name": "myterraformnetwork",
      "provider": "provider.azurerm",
      "instances": [
        {
          "schema_version": 0,
          "attributes": {
            "address_space": [
              "10.0.0.0/16"
            ],
            "ddos_protection_plan": [],
            "dns_servers": null,
            "id": "/subscriptions/c793619e-4ef0-429f-b7bd-37ab072d9418/resourceGroups/myResourceGroup/providers/Microsoft.Network/virtualNetworks/myVnet",
            "location": "uksouth",
            "name": "myVnet",
            "resource_group_name": "myResourceGroup",
            "subnet": [],
            "tags": {
              "environment": "Terraform Demo"
            }
          },
          "private": "bnVsbA==",
          "depends_on": [
            "azurerm_resource_group.myterraformgroup"
          ]
        }
      ]
    },
    {
      "mode": "managed",
      "type": "random_id",
      "name": "randomId",
      "provider": "provider.random",
      "instances": [
        {
          "schema_version": 0,
          "attributes": {
            "b64": "rs72wue_WsI",
            "b64_std": "rs72wue/WsI=",
            "b64_url": "rs72wue_WsI",
            "byte_length": 8,
            "dec": "12596276524774021826",
            "hex": "aecef6c2e7bf5ac2",
            "id": "rs72wue_WsI",
            "keepers": {
              "resource_group": "myResourceGroup"
            },
            "prefix": null
          },
          "private": "bnVsbA==",
          "depends_on": [
            "azurerm_resource_group.myterraformgroup"
          ]
        }
      ]
    }
  ]
}
